<?xml version="1.0" encoding="utf-8"?>
<Project ToolsVersion="4.0" xmlns="http://schemas.microsoft.com/developer/msbuild/2003">
  <ItemGroup><Filter Include="Source Files"><UniqueIdentifier>{CE4988D9-DBA2-4750-BC31-E2EBEC4BDFA0}</UniqueIdentifier></Filter></ItemGroup>
  <ItemGroup><ClCompile Include="BenchmarkMain.cpp"><Filter>Source Files</Filter></ClCompile></ItemGroup>
</Project>
