<?xml version="1.0" encoding="utf-8"?>
<Project ToolsVersion="4.0" xmlns="http://schemas.microsoft.com/developer/msbuild/2003">
  <ItemGroup>
    <Filter Include="Source Files\UI"><UniqueIdentifier>{B0D1888A-3276-43B9-9557-7A5EB23107D0}</UniqueIdentifier></Filter>
    <Filter Include="Source Files\Demos"><UniqueIdentifier>{BE0D1965-0AA6-4B18-A990-583873A026D8}</UniqueIdentifier></Filter>
    <Filter Include="Header Files\UI"><UniqueIdentifier>{F0FC66E8-76B4-4BD9-8E8B-B550C6CC9705}</UniqueIdentifier></Filter>
    <Filter Include="Header Files\Demos"><UniqueIdentifier>{BB024F8F-E405-4CF1-AE64-172815A9F76B}</UniqueIdentifier></Filter>
  </ItemGroup>
  <ItemGroup>
    <ClCompile Include="ActionMap.cpp"><Filter>Source Files\UI</Filter></ClCompile>
    <ClCompile Include="DebugProfilerModel.cpp"><Filter>Source Files\UI</Filter></ClCompile>
    <ClCompile Include="Wave2TelemetryAdapter.cpp"><Filter>Source Files\UI</Filter></ClCompile>
    <ClCompile Include="Wave4TelemetryAdapter.cpp"><Filter>Source Files\UI</Filter></ClCompile>
    <ClCompile Include="GlfwActionAdapter.cpp"><Filter>Source Files\UI</Filter></ClCompile>
    <ClCompile Include="ImGuiShowcasePanels.cpp"><Filter>Source Files\UI</Filter></ClCompile>
    <ClCompile Include="RuntimeConfigHarness.cpp"><Filter>Source Files\UI</Filter></ClCompile>
    <ClCompile Include="ShowcaseController.cpp"><Filter>Source Files\UI</Filter></ClCompile>
    <ClCompile Include="ShowcaseViewModel.cpp"><Filter>Source Files\UI</Filter></ClCompile>
    <ClCompile Include="..\demos\CaptureBundleWriter.cpp"><Filter>Source Files\Demos</Filter></ClCompile>
    <ClCompile Include="..\demos\CapturePreview.cpp"><Filter>Source Files\Demos</Filter></ClCompile>
    <ClCompile Include="..\demos\ManyLightsWave4.cpp"><Filter>Source Files\Demos</Filter></ClCompile>
    <ClCompile Include="..\demos\ShowcaseEvidence.cpp"><Filter>Source Files\Demos</Filter></ClCompile>
    <ClCompile Include="..\demos\ShowcaseProgram.cpp"><Filter>Source Files\Demos</Filter></ClCompile>
    <ClCompile Include="..\demos\ShowcaseReport.cpp"><Filter>Source Files\Demos</Filter></ClCompile>
    <ClCompile Include="..\demos\ShowcaseWorkflow.cpp"><Filter>Source Files\Demos</Filter></ClCompile>
  </ItemGroup>
  <ItemGroup>
    <ClInclude Include="..\..\include\ui\ActionMap.hpp"><Filter>Header Files\UI</Filter></ClInclude>
    <ClInclude Include="..\..\include\ui\DebugProfilerModel.hpp"><Filter>Header Files\UI</Filter></ClInclude>
    <ClInclude Include="..\..\include\ui\Wave2TelemetryAdapter.hpp"><Filter>Header Files\UI</Filter></ClInclude>
    <ClInclude Include="..\..\include\ui\Wave4TelemetryAdapter.hpp"><Filter>Header Files\UI</Filter></ClInclude>
    <ClInclude Include="..\..\include\ui\GlfwActionAdapter.hpp"><Filter>Header Files\UI</Filter></ClInclude>
    <ClInclude Include="..\..\include\ui\ImGuiShowcasePanels.hpp"><Filter>Header Files\UI</Filter></ClInclude>
    <ClInclude Include="..\..\include\ui\RuntimeConfigHarness.hpp"><Filter>Header Files\UI</Filter></ClInclude>
    <ClInclude Include="..\..\include\ui\ShowcaseController.hpp"><Filter>Header Files\UI</Filter></ClInclude>
    <ClInclude Include="..\..\include\ui\ShowcaseViewModel.hpp"><Filter>Header Files\UI</Filter></ClInclude>
    <ClInclude Include="..\..\include\demos\CaptureBundleWriter.hpp"><Filter>Header Files\Demos</Filter></ClInclude>
    <ClInclude Include="..\..\include\demos\CapturePreview.hpp"><Filter>Header Files\Demos</Filter></ClInclude>
    <ClInclude Include="..\..\include\demos\ManyLightsWave4.hpp"><Filter>Header Files\Demos</Filter></ClInclude>
    <ClInclude Include="..\..\include\demos\ShowcaseEvidence.hpp"><Filter>Header Files\Demos</Filter></ClInclude>
    <ClInclude Include="..\..\include\demos\ShowcaseProgram.hpp"><Filter>Header Files\Demos</Filter></ClInclude>
    <ClInclude Include="..\..\include\demos\ShowcaseReport.hpp"><Filter>Header Files\Demos</Filter></ClInclude>
    <ClInclude Include="..\..\include\demos\ShowcaseWorkflow.hpp"><Filter>Header Files\Demos</Filter></ClInclude>
  </ItemGroup>
</Project>
